
Microsoft Visual Studio Solution File, Format Version 12.00
# Visual Studio Version 17
VisualStudioVersion = 17.11.35222.181
MinimumVisualStudioVersion = 10.0.40219.1
Project("{D954291E-2A0B-460D-934E-DC6B0785DB48}") = "XrmEntitySerializer", "XrmEntitySerializer\XrmEntitySerializer.shproj", "{64F38937-039A-4C09-A241-FF07A30AFF2A}"
EndProject
Project("{D954291E-2A0B-460D-934E-DC6B0785DB48}") = "XrmEntitySerializer.Tests", "XrmEntitySerializer.Tests\XrmEntitySerializer.Tests.shproj", "{DF3DD1A2-5E13-4324-9B17-953CE7A7F5A2}"
EndProject
Project("{2150E333-8FDC-42A3-9474-1A3956D46DE8}") = "UnitTests", "UnitTests", "{C8631DB1-CBEF-4A31-8AE9-A1D58AF9D3C9}"
EndProject
Project("{2150E333-8FDC-42A3-9474-1A3956D46DE8}") = "Solution Items", "Solution Items", "{98771E62-D312-4840-833F-DB360F83C258}"
	ProjectSection(SolutionItems) = preProject
		azure-pipelines.yml = azure-pipelines.yml
		.github\workflows\build-and-pack.yml = .github\workflows\build-and-pack.yml
		.github\workflows\build-and-test.yml = .github\workflows\build-and-test.yml
		coverage-report.ps1 = coverage-report.ps1
		coverage.ps1 = coverage.ps1
		Logo_80x80.png = Logo_80x80.png
		README.md = README.md
		XrmEntitySerializer.props = XrmEntitySerializer.props
		XrmEntitySerializer.Version.props = XrmEntitySerializer.Version.props
	EndProjectSection
EndProject
Project("{9A19103F-16F7-4668-BE54-9A1E7A4F7556}") = "XrmEntitySerializer.Core", "XrmEntitySerializer.Core\XrmEntitySerializer.Core.csproj", "{49DD871D-D743-4600-9537-4D2BBD4747E1}"
EndProject
Project("{9A19103F-16F7-4668-BE54-9A1E7A4F7556}") = "XrmEntitySerializer.Core.Tests", "XrmEntitySerializer.Core.Tests\XrmEntitySerializer.Core.Tests.csproj", "{F99D121A-4408-41C4-9304-6D1C9C784269}"
EndProject
Global
	GlobalSection(SolutionConfigurationPlatforms) = preSolution
		Debug|Any CPU = Debug|Any CPU
		Release|Any CPU = Release|Any CPU
	EndGlobalSection
	GlobalSection(ProjectConfigurationPlatforms) = postSolution
		{49DD871D-D743-4600-9537-4D2BBD4747E1}.Debug|Any CPU.ActiveCfg = Debug|Any CPU
		{49DD871D-D743-4600-9537-4D2BBD4747E1}.Debug|Any CPU.Build.0 = Debug|Any CPU
		{49DD871D-D743-4600-9537-4D2BBD4747E1}.Release|Any CPU.ActiveCfg = Release|Any CPU
		{49DD871D-D743-4600-9537-4D2BBD4747E1}.Release|Any CPU.Build.0 = Release|Any CPU
		{F99D121A-4408-41C4-9304-6D1C9C784269}.Debug|Any CPU.ActiveCfg = Debug|Any CPU
		{F99D121A-4408-41C4-9304-6D1C9C784269}.Debug|Any CPU.Build.0 = Debug|Any CPU
		{F99D121A-4408-41C4-9304-6D1C9C784269}.Release|Any CPU.ActiveCfg = Release|Any CPU
		{F99D121A-4408-41C4-9304-6D1C9C784269}.Release|Any CPU.Build.0 = Release|Any CPU
	EndGlobalSection
	GlobalSection(SolutionProperties) = preSolution
		HideSolutionNode = FALSE
	EndGlobalSection
	GlobalSection(NestedProjects) = preSolution
		{DF3DD1A2-5E13-4324-9B17-953CE7A7F5A2} = {C8631DB1-CBEF-4A31-8AE9-A1D58AF9D3C9}
		{F99D121A-4408-41C4-9304-6D1C9C784269} = {C8631DB1-CBEF-4A31-8AE9-A1D58AF9D3C9}
	EndGlobalSection
	GlobalSection(ExtensibilityGlobals) = postSolution
		SolutionGuid = {FC57A865-FF55-4D1C-9C6B-51A2AFEF4404}
	EndGlobalSection
	GlobalSection(SharedMSBuildProjectFiles) = preSolution
		XrmEntitySerializer\XrmEntitySerializer.projitems*{49dd871d-d743-4600-9537-4d2bbd4747e1}*SharedItemsImports = 5
		XrmEntitySerializer\XrmEntitySerializer.projitems*{64f38937-039a-4c09-a241-ff07a30aff2a}*SharedItemsImports = 13
		XrmEntitySerializer.Tests\XrmEntitySerializer.Tests.projitems*{df3dd1a2-5e13-4324-9b17-953ce7a7f5a2}*SharedItemsImports = 13
		XrmEntitySerializer.Tests\XrmEntitySerializer.Tests.projitems*{f99d121a-4408-41c4-9304-6d1c9c784269}*SharedItemsImports = 5
	EndGlobalSection
EndGlobal
